
Microsoft Visual Studio Solution File, Format Version 12.00
# Visual Studio Version 17
VisualStudioVersion = 17.9.34701.34
MinimumVisualStudioVersion = 10.0.40219.1
Project("{FAE04EC0-301F-11D3-BF4B-00C04F79EFBC}") = "MVC3", "MVC3\MVC3.csproj", "{3DE468F9-72E2-4B29-9C08-8D7E7A855B4F}"
EndProject
Global
	GlobalSection(SolutionConfigurationPlatforms) = preSolution
		Debug|Any CPU = Debug|Any CPU
		Release|Any CPU = Release|Any CPU
	EndGlobalSection
	GlobalSection(ProjectConfigurationPlatforms) = postSolution
		{3DE468F9-72E2-4B29-9C08-8D7E7A855B4F}.Debug|Any CPU.ActiveCfg = Debug|Any CPU
		{3DE468F9-72E2-4B29-9C08-8D7E7A855B4F}.Debug|Any CPU.Build.0 = Debug|Any CPU
		{3DE468F9-72E2-4B29-9C08-8D7E7A855B4F}.Release|Any CPU.ActiveCfg = Release|Any CPU
		{3DE468F9-72E2-4B29-9C08-8D7E7A855B4F}.Release|Any CPU.Build.0 = Release|Any CPU
	EndGlobalSection
	GlobalSection(SolutionProperties) = preSolution
		HideSolutionNode = FALSE
	EndGlobalSection
	GlobalSection(ExtensibilityGlobals) = postSolution
		SolutionGuid = {9A5A11E1-E0BE-4232-9F1D-4D5004A6E020}
	EndGlobalSection
EndGlobal
